{
    "_readme": [
        "This file locks the dependencies of your project to a known state",
        "Read more about it at https://getcomposer.org/doc/01-basic-usage.md#installing-dependencies",
        "This file is @generated automatically"
    ],
    "content-hash": "9846b8bcd641b856a8fc34fa09b9a2a1",
    "packages": [],
    "packages-dev": [
        {
            "name": "erusev/parsedown",
            "version": "1.7.4",
            "source": {
                "type": "git",
                "url": "https://github.com/erusev/parsedown.git",
                "reference": "cb17b6477dfff935958ba01325f2e8a2bfa6dab3"
            },
            "dist": {
                "type": "zip",
                "url": "https://api.github.com/repos/erusev/parsedown/zipball/cb17b6477dfff935958ba01325f2e8a2bfa6dab3",
                "reference": "cb17b6477dfff935958ba01325f2e8a2bfa6dab3",
                "shasum": ""
            },
            "require": {
                "ext-mbstring": "*",
                "php": ">=5.3.0"
            },
            "require-dev": {
                "phpunit/phpunit": "^4.8.35"
            },
            "type": "library",
            "autoload": {
                "psr-0": {
                    "Parsedown": ""
                }
            },
            "notification-url": "https://packagist.org/downloads/",
            "license": [
                "MIT"
            ],
            "authors": [
                {
                    "name": "Emanuil Rusev",
                    "email": "hello@erusev.com",
                    "homepage": "http://erusev.com"
                }
            ],
            "description": "Parser for Markdown.",
            "homepage": "http://parsedown.org",
            "keywords": [
                "markdown",
                "parser"
            ],
            "time": "2019-12-30T22:54:17+00:00"
        },
        {
            "name": "symfony/css-selector",
            "version": "v5.1.0",
            "source": {
                "type": "git",
                "url": "https://github.com/symfony/css-selector.git",
                "reference": "e544e24472d4c97b2d11ade7caacd446727c6bf9"
            },
            "dist": {
                "type": "zip",
                "url": "https://api.github.com/repos/symfony/css-selector/zipball/e544e24472d4c97b2d11ade7caacd446727c6bf9",
                "reference": "e544e24472d4c97b2d11ade7caacd446727c6bf9",
                "shasum": ""
            },
            "require": {
                "php": ">=7.2.5"
            },
            "type": "library",
            "extra": {
                "branch-alias": {
                    "dev-master": "5.1-dev"
                }
            },
            "autoload": {
                "psr-4": {
                    "Symfony\\Component\\CssSelector\\": ""
                },
                "exclude-from-classmap": [
                    "/Tests/"
                ]
            },
            "notification-url": "https://packagist.org/downloads/",
            "license": [
                "MIT"
            ],
            "authors": [
                {
                    "name": "Fabien Potencier",
                    "email": "fabien@symfony.com"
                },
                {
                    "name": "Jean-François Simon",
                    "email": "jeanfrancois.simon@sensiolabs.com"
                },
                {
                    "name": "Symfony Community",
                    "homepage": "https://symfony.com/contributors"
                }
            ],
            "description": "Symfony CssSelector Component",
            "homepage": "https://symfony.com",
            "funding": [
                {
                    "url": "https://symfony.com/sponsor",
                    "type": "custom"
                },
                {
                    "url": "https://github.com/fabpot",
                    "type": "github"
                },
                {
                    "url": "https://tidelift.com/funding/github/packagist/symfony/symfony",
                    "type": "tidelift"
                }
            ],
            "time": "2020-05-20T17:43:50+00:00"
        },
        {
            "name": "symfony/finder",
            "version": "v5.1.0",
            "source": {
                "type": "git",
                "url": "https://github.com/symfony/finder.git",
                "reference": "4298870062bfc667cb78d2b379be4bf5dec5f187"
            },
            "dist": {
                "type": "zip",
                "url": "https://api.github.com/repos/symfony/finder/zipball/4298870062bfc667cb78d2b379be4bf5dec5f187",
                "reference": "4298870062bfc667cb78d2b379be4bf5dec5f187",
                "shasum": ""
            },
            "require": {
                "php": ">=7.2.5"
            },
            "type": "library",
            "extra": {
                "branch-alias": {
                    "dev-master": "5.1-dev"
                }
            },
            "autoload": {
                "psr-4": {
                    "Symfony\\Component\\Finder\\": ""
                },
                "exclude-from-classmap": [
                    "/Tests/"
                ]
            },
            "notification-url": "https://packagist.org/downloads/",
            "license": [
                "MIT"
            ],
            "authors": [
                {
                    "name": "Fabien Potencier",
                    "email": "fabien@symfony.com"
                },
                {
                    "name": "Symfony Community",
                    "homepage": "https://symfony.com/contributors"
                }
            ],
            "description": "Symfony Finder Component",
            "homepage": "https://symfony.com",
            "funding": [
                {
                    "url": "https://symfony.com/sponsor",
                    "type": "custom"
                },
                {
                    "url": "https://github.com/fabpot",
                    "type": "github"
                },
                {
                    "url": "https://tidelift.com/funding/github/packagist/symfony/symfony",
                    "type": "tidelift"
                }
            ],
            "time": "2020-05-20T17:43:50+00:00"
        },
        {
            "name": "upstreamable/md-to-html",
            "version": "1.1.0",
            "source": {
                "type": "git",
                "url": "https://gitlab.com/upstreamable/md-to-html.git",
                "reference": "068f421822f5c0b6cb559303e6d8b086703467b8"
            },
            "dist": {
                "type": "zip",
                "url": "https://gitlab.com/api/v4/projects/upstreamable%2Fmd-to-html/repository/archive.zip?sha=068f421822f5c0b6cb559303e6d8b086703467b8",
                "reference": "068f421822f5c0b6cb559303e6d8b086703467b8",
                "shasum": ""
            },
            "require": {
                "erusev/parsedown": "^1.7",
                "symfony/finder": "^4 || ^5",
                "voku/html-min": "^4.4"
            },
            "type": "library",
            "autoload": {
                "psr-4": {
                    "MdToHtml\\": "src/"
                }
            },
            "notification-url": "https://packagist.org/downloads/",
            "license": [
                "GPL-3.0-or-later"
            ],
            "description": "Utility to convert README.md files into HTML",
            "homepage": "https://gitlab.com/upstreamable/md-to-html",
            "time": "2020-05-17T20:00:15+00:00"
        },
        {
            "name": "voku/html-min",
            "version": "4.4.3",
            "source": {
                "type": "git",
                "url": "https://github.com/voku/HtmlMin.git",
                "reference": "5f7938bb739a64582bcaf413b23b6a2f16defee9"
            },
            "dist": {
                "type": "zip",
                "url": "https://api.github.com/repos/voku/HtmlMin/zipball/5f7938bb739a64582bcaf413b23b6a2f16defee9",
                "reference": "5f7938bb739a64582bcaf413b23b6a2f16defee9",
                "shasum": ""
            },
            "require": {
                "ext-dom": "*",
                "php": ">=7.0.0",
                "voku/simple_html_dom": "~4.7.16"
            },
            "require-dev": {
                "phpunit/phpunit": "~6.0 || ~7.0"
            },
            "type": "library",
            "autoload": {
                "psr-4": {
                    "voku\\": "src/voku/"
                }
            },
            "notification-url": "https://packagist.org/downloads/",
            "license": [
                "MIT"
            ],
            "authors": [
                {
                    "name": "Lars Moelleken",
                    "homepage": "http://www.moelleken.org/"
                }
            ],
            "description": "HTML Compressor and Minifier",
            "homepage": "https://github.com/voku/HtmlMin",
            "keywords": [
                "compress",
                "compression",
                "compressor",
                "html",
                "minifier"
            ],
            "funding": [
                {
                    "url": "https://www.paypal.me/moelleken",
                    "type": "custom"
                },
                {
                    "url": "https://github.com/voku",
                    "type": "github"
                },
                {
                    "url": "https://www.patreon.com/voku",
                    "type": "patreon"
                }
            ],
            "time": "2020-04-06T21:26:16+00:00"
        },
        {
            "name": "voku/simple_html_dom",
            "version": "4.7.17",
            "source": {
                "type": "git",
                "url": "https://github.com/voku/simple_html_dom.git",
                "reference": "804aca422f1fe0104b1320ca09fd06cd0062782c"
            },
            "dist": {
                "type": "zip",
                "url": "https://api.github.com/repos/voku/simple_html_dom/zipball/804aca422f1fe0104b1320ca09fd06cd0062782c",
                "reference": "804aca422f1fe0104b1320ca09fd06cd0062782c",
                "shasum": ""
            },
            "require": {
                "ext-dom": "*",
                "ext-libxml": "*",
                "ext-simplexml": "*",
                "php": ">=7.0.0",
                "symfony/css-selector": "~3.0 || ~4.0 || ~5.0"
            },
            "require-dev": {
                "phpunit/phpunit": "~6.0 || ~7.0"
            },
            "suggest": {
                "voku/portable-utf8": "If you need e.g. UTF-8 fixed output."
            },
            "type": "library",
            "autoload": {
                "psr-4": {
                    "voku\\helper\\": "src/voku/helper/"
                }
            },
            "notification-url": "https://packagist.org/downloads/",
            "license": [
                "MIT"
            ],
            "authors": [
                {
                    "name": "dimabdc",
                    "email": "support@titor.ru",
                    "homepage": "http://github.com/dimabdc",
                    "role": "Developer"
                },
                {
                    "name": "Lars Moelleken",
                    "homepage": "http://www.moelleken.org/",
                    "role": "Developer"
                }
            ],
            "description": "Simple HTML DOM package.",
            "homepage": "http://simplehtmldom.sourceforge.net/",
            "keywords": [
                "HTML Parser",
                "dom",
                "php dom"
            ],
            "funding": [
                {
                    "url": "https://www.paypal.me/moelleken",
                    "type": "custom"
                },
                {
                    "url": "https://github.com/voku",
                    "type": "github"
                },
                {
                    "url": "https://www.patreon.com/voku",
                    "type": "patreon"
                },
                {
                    "url": "https://tidelift.com/funding/github/packagist/voku/simple_html_dom",
                    "type": "tidelift"
                }
            ],
            "time": "2020-04-09T21:20:43+00:00"
        }
    ],
    "aliases": [],
    "minimum-stability": "stable",
    "stability-flags": [],
    "prefer-stable": false,
    "prefer-lowest": false,
    "platform": [],
    "platform-dev": [],
    "plugin-api-version": "1.1.0"
}
